
Microsoft Visual Studio Solution File, Format Version 12.00
# Visual Studio Version 17
VisualStudioVersion = 17.0.31717.71
MinimumVisualStudioVersion = 10.0.40219.1
Project("{FAE04EC0-301F-11D3-BF4B-00C04F79EFBC}") = "For - Foreach", "For - Foreach.csproj", "{1079A93A-AB04-4CDE-B677-8BC463A5C231}"
EndProject
Global
	GlobalSection(SolutionConfigurationPlatforms) = preSolution
		Debug|Any CPU = Debug|Any CPU
		Release|Any CPU = Release|Any CPU
	EndGlobalSection
	GlobalSection(ProjectConfigurationPlatforms) = postSolution
		{1079A93A-AB04-4CDE-B677-8BC463A5C231}.Debug|Any CPU.ActiveCfg = Debug|Any CPU
		{1079A93A-AB04-4CDE-B677-8BC463A5C231}.Debug|Any CPU.Build.0 = Debug|Any CPU
		{1079A93A-AB04-4CDE-B677-8BC463A5C231}.Release|Any CPU.ActiveCfg = Release|Any CPU
		{1079A93A-AB04-4CDE-B677-8BC463A5C231}.Release|Any CPU.Build.0 = Release|Any CPU
	EndGlobalSection
	GlobalSection(SolutionProperties) = preSolution
		HideSolutionNode = FALSE
	EndGlobalSection
	GlobalSection(ExtensibilityGlobals) = postSolution
		SolutionGuid = {653287B2-08FC-4020-AD7A-23F73770A033}
	EndGlobalSection
EndGlobal
