
Microsoft Visual Studio Solution File, Format Version 12.00
# Visual Studio Version 17
VisualStudioVersion = 17.0.31717.71
MinimumVisualStudioVersion = 10.0.40219.1
Project("{FAE04EC0-301F-11D3-BF4B-00C04F79EFBC}") = "While - Do While", "While - Do While.csproj", "{FAB2017B-981D-4DF5-9C68-3310A8465F7A}"
EndProject
Global
	GlobalSection(SolutionConfigurationPlatforms) = preSolution
		Debug|Any CPU = Debug|Any CPU
		Release|Any CPU = Release|Any CPU
	EndGlobalSection
	GlobalSection(ProjectConfigurationPlatforms) = postSolution
		{FAB2017B-981D-4DF5-9C68-3310A8465F7A}.Debug|Any CPU.ActiveCfg = Debug|Any CPU
		{FAB2017B-981D-4DF5-9C68-3310A8465F7A}.Debug|Any CPU.Build.0 = Debug|Any CPU
		{FAB2017B-981D-4DF5-9C68-3310A8465F7A}.Release|Any CPU.ActiveCfg = Release|Any CPU
		{FAB2017B-981D-4DF5-9C68-3310A8465F7A}.Release|Any CPU.Build.0 = Release|Any CPU
	EndGlobalSection
	GlobalSection(SolutionProperties) = preSolution
		HideSolutionNode = FALSE
	EndGlobalSection
	GlobalSection(ExtensibilityGlobals) = postSolution
		SolutionGuid = {68A3C897-A37F-4D1D-B76A-00799AB63DB7}
	EndGlobalSection
EndGlobal
