
Microsoft Visual Studio Solution File, Format Version 12.00
# Visual Studio Version 17
VisualStudioVersion = 17.0.31717.71
MinimumVisualStudioVersion = 10.0.40219.1
Project("{FAE04EC0-301F-11D3-BF4B-00C04F79EFBC}") = "C-Sharp Method", "C-Sharp Method.csproj", "{A87D9E30-25B7-4C3C-B09A-FD4B2FCD2730}"
EndProject
Global
	GlobalSection(SolutionConfigurationPlatforms) = preSolution
		Debug|Any CPU = Debug|Any CPU
		Release|Any CPU = Release|Any CPU
	EndGlobalSection
	GlobalSection(ProjectConfigurationPlatforms) = postSolution
		{A87D9E30-25B7-4C3C-B09A-FD4B2FCD2730}.Debug|Any CPU.ActiveCfg = Debug|Any CPU
		{A87D9E30-25B7-4C3C-B09A-FD4B2FCD2730}.Debug|Any CPU.Build.0 = Debug|Any CPU
		{A87D9E30-25B7-4C3C-B09A-FD4B2FCD2730}.Release|Any CPU.ActiveCfg = Release|Any CPU
		{A87D9E30-25B7-4C3C-B09A-FD4B2FCD2730}.Release|Any CPU.Build.0 = Release|Any CPU
	EndGlobalSection
	GlobalSection(SolutionProperties) = preSolution
		HideSolutionNode = FALSE
	EndGlobalSection
	GlobalSection(ExtensibilityGlobals) = postSolution
		SolutionGuid = {A6F8C676-28CE-41B7-BFEE-A9D63225C997}
	EndGlobalSection
EndGlobal
